
Microsoft Visual Studio Solution File, Format Version 12.00
# Visual Studio Version 17
VisualStudioVersion = 17.7.34031.279
MinimumVisualStudioVersion = 10.0.40219.1
Project("{9A19103F-16F7-4668-BE54-9A1E7A4F7556}") = "EProduct.DataAccess.NetCore", "EProduct.DataAccess.NetCore\EProduct.DataAccess.NetCore.csproj", "{D8A5E129-D615-4764-924B-D9B51E68EAB9}"
EndProject
Project("{9A19103F-16F7-4668-BE54-9A1E7A4F7556}") = "EShop.Common", "EShop.Common\EShop.Common.csproj", "{9EE35BEC-F520-4E9E-A2EE-1BDDC759FA3C}"
EndProject
Project("{FAE04EC0-301F-11D3-BF4B-00C04F79EFBC}") = "Web_MVC_QuanLySanPham", "Web_MVC_QuanLySanPham\Web_MVC_QuanLySanPham.csproj", "{60856DE5-2D6F-4FD5-9961-3C62F03CDC70}"
EndProject
Global
	GlobalSection(SolutionConfigurationPlatforms) = preSolution
		Debug|Any CPU = Debug|Any CPU
		Release|Any CPU = Release|Any CPU
	EndGlobalSection
	GlobalSection(ProjectConfigurationPlatforms) = postSolution
		{D8A5E129-D615-4764-924B-D9B51E68EAB9}.Debug|Any CPU.ActiveCfg = Debug|Any CPU
		{D8A5E129-D615-4764-924B-D9B51E68EAB9}.Debug|Any CPU.Build.0 = Debug|Any CPU
		{D8A5E129-D615-4764-924B-D9B51E68EAB9}.Release|Any CPU.ActiveCfg = Release|Any CPU
		{D8A5E129-D615-4764-924B-D9B51E68EAB9}.Release|Any CPU.Build.0 = Release|Any CPU
		{9EE35BEC-F520-4E9E-A2EE-1BDDC759FA3C}.Debug|Any CPU.ActiveCfg = Debug|Any CPU
		{9EE35BEC-F520-4E9E-A2EE-1BDDC759FA3C}.Debug|Any CPU.Build.0 = Debug|Any CPU
		{9EE35BEC-F520-4E9E-A2EE-1BDDC759FA3C}.Release|Any CPU.ActiveCfg = Release|Any CPU
		{9EE35BEC-F520-4E9E-A2EE-1BDDC759FA3C}.Release|Any CPU.Build.0 = Release|Any CPU
		{60856DE5-2D6F-4FD5-9961-3C62F03CDC70}.Debug|Any CPU.ActiveCfg = Debug|Any CPU
		{60856DE5-2D6F-4FD5-9961-3C62F03CDC70}.Debug|Any CPU.Build.0 = Debug|Any CPU
		{60856DE5-2D6F-4FD5-9961-3C62F03CDC70}.Release|Any CPU.ActiveCfg = Release|Any CPU
		{60856DE5-2D6F-4FD5-9961-3C62F03CDC70}.Release|Any CPU.Build.0 = Release|Any CPU
	EndGlobalSection
	GlobalSection(SolutionProperties) = preSolution
		HideSolutionNode = FALSE
	EndGlobalSection
	GlobalSection(ExtensibilityGlobals) = postSolution
		SolutionGuid = {80AB6EE2-352E-49D1-8EC6-3845046D639F}
	EndGlobalSection
EndGlobal
